
Microsoft Visual Studio Solution File, Format Version 12.00
# Visual Studio Version 16
VisualStudioVersion = 16.0.30225.117
MinimumVisualStudioVersion = 10.0.40219.1
Project("{FAE04EC0-301F-11D3-BF4B-00C04F79EFBC}") = "PassStorage2", "PassStorage2\PassStorage2.csproj", "{68A5A934-8EBF-4A24-BBE3-5D7E84E57328}"
EndProject
Project("{FAE04EC0-301F-11D3-BF4B-00C04F79EFBC}") = "PassStorage2.Base", "PassStorage2.Base\PassStorage2.Base.csproj", "{099DB720-6DFF-4D63-B8A1-8CFD619781CA}"
EndProject
Project("{FAE04EC0-301F-11D3-BF4B-00C04F79EFBC}") = "PassStorage2.Controller", "PassStorage2.Controller\PassStorage2.Controller.csproj", "{370F024F-22D5-4A75-9CB3-8E2E0B53115D}"
EndProject
Project("{FAE04EC0-301F-11D3-BF4B-00C04F79EFBC}") = "PassStorage2.Models", "PassStorage2.Models\PassStorage2.Models.csproj", "{7940D278-CCAA-4F5A-8D79-58F8363E3A83}"
EndProject
Project("{2150E333-8FDC-42A3-9474-1A3956D46DE8}") = "Solution Items", "Solution Items", "{3CF7BF9B-D4F1-4DD1-9833-F5CCEFA67C77}"
	ProjectSection(SolutionItems) = preProject
		SharedAssemblyInfo.cs = SharedAssemblyInfo.cs
	EndProjectSection
EndProject
Project("{FAE04EC0-301F-11D3-BF4B-00C04F79EFBC}") = "PassStorage2.ConfigurationProvider", "PassStorage2.ConfigurationProvider\PassStorage2.ConfigurationProvider.csproj", "{18FCC4B4-A2E7-4ADA-B504-A6D531E53BA8}"
EndProject
Project("{FAE04EC0-301F-11D3-BF4B-00C04F79EFBC}") = "PassStorage2.Translations", "PassStorage2.Translations\PassStorage2.Translations.csproj", "{7787AB29-86A4-42D5-9242-8607A2F5BE92}"
EndProject
Project("{FAE04EC0-301F-11D3-BF4B-00C04F79EFBC}") = "PassStorage2.HashGen", "PassStorage2.HashGen\PassStorage2.HashGen.csproj", "{D8BE4AAE-9E7B-4C9C-B918-745894960259}"
EndProject
Project("{FAE04EC0-301F-11D3-BF4B-00C04F79EFBC}") = "PassStorage2.Logger", "PassStorage2.Logger\PassStorage2.Logger.csproj", "{3910B041-AB1D-4904-A9B9-A2B476A66C88}"
EndProject
Project("{9A19103F-16F7-4668-BE54-9A1E7A4F7556}") = "PassStorage3", "PassStorage3\PassStorage3.csproj", "{7A130D41-737A-4F88-8F1D-66A47282B1A4}"
EndProject
Project("{FAE04EC0-301F-11D3-BF4B-00C04F79EFBC}") = "PassStorage3.Controllers", "PassStorage3.Controllers\PassStorage3.Controllers.csproj", "{A1251731-B751-4C86-9F09-7FA7BA6C9766}"
EndProject
Project("{FAE04EC0-301F-11D3-BF4B-00C04F79EFBC}") = "PassStorage3.Models", "PassStorage3.Models\PassStorage3.Models.csproj", "{C48302EB-4905-45FE-BCC9-9EB76156FC91}"
EndProject
Project("{FAE04EC0-301F-11D3-BF4B-00C04F79EFBC}") = "PassStorage3.DataCryptoLayer", "PassStorage3.DataCryptoLayer\PassStorage3.DataCryptoLayer.csproj", "{E7BB5DC4-A97F-40E3-AB55-0D75FB1B2351}"
EndProject
Project("{FAE04EC0-301F-11D3-BF4B-00C04F79EFBC}") = "PassStorage3.Exceptions", "PassStorage3.Exceptions\PassStorage3.Exceptions.csproj", "{70B2A19D-CFE5-4A95-B827-CC312DE28EE5}"
EndProject
Project("{2150E333-8FDC-42A3-9474-1A3956D46DE8}") = "Legacy", "Legacy", "{4DDA145A-B414-4BAF-AA44-446B6E9E5C88}"
EndProject
Global
	GlobalSection(SolutionConfigurationPlatforms) = preSolution
		Debug|Any CPU = Debug|Any CPU
		Debug|x64 = Debug|x64
		Debug|x86 = Debug|x86
		Release|Any CPU = Release|Any CPU
		Release|x64 = Release|x64
		Release|x86 = Release|x86
	EndGlobalSection
	GlobalSection(ProjectConfigurationPlatforms) = postSolution
		{68A5A934-8EBF-4A24-BBE3-5D7E84E57328}.Debug|Any CPU.ActiveCfg = Debug|x86
		{68A5A934-8EBF-4A24-BBE3-5D7E84E57328}.Debug|x64.ActiveCfg = Debug|x64
		{68A5A934-8EBF-4A24-BBE3-5D7E84E57328}.Debug|x64.Build.0 = Debug|x64
		{68A5A934-8EBF-4A24-BBE3-5D7E84E57328}.Debug|x86.ActiveCfg = Debug|x86
		{68A5A934-8EBF-4A24-BBE3-5D7E84E57328}.Debug|x86.Build.0 = Debug|x86
		{68A5A934-8EBF-4A24-BBE3-5D7E84E57328}.Release|Any CPU.ActiveCfg = Release|x86
		{68A5A934-8EBF-4A24-BBE3-5D7E84E57328}.Release|x64.ActiveCfg = Release|x64
		{68A5A934-8EBF-4A24-BBE3-5D7E84E57328}.Release|x64.Build.0 = Release|x64
		{68A5A934-8EBF-4A24-BBE3-5D7E84E57328}.Release|x86.ActiveCfg = Release|x86
		{68A5A934-8EBF-4A24-BBE3-5D7E84E57328}.Release|x86.Build.0 = Release|x86
		{099DB720-6DFF-4D63-B8A1-8CFD619781CA}.Debug|Any CPU.ActiveCfg = Debug|x86
		{099DB720-6DFF-4D63-B8A1-8CFD619781CA}.Debug|x64.ActiveCfg = Debug|x64
		{099DB720-6DFF-4D63-B8A1-8CFD619781CA}.Debug|x64.Build.0 = Debug|x64
		{099DB720-6DFF-4D63-B8A1-8CFD619781CA}.Debug|x86.ActiveCfg = Debug|x86
		{099DB720-6DFF-4D63-B8A1-8CFD619781CA}.Debug|x86.Build.0 = Debug|x86
		{099DB720-6DFF-4D63-B8A1-8CFD619781CA}.Release|Any CPU.ActiveCfg = Release|x86
		{099DB720-6DFF-4D63-B8A1-8CFD619781CA}.Release|x64.ActiveCfg = Release|x64
		{099DB720-6DFF-4D63-B8A1-8CFD619781CA}.Release|x64.Build.0 = Release|x64
		{099DB720-6DFF-4D63-B8A1-8CFD619781CA}.Release|x86.ActiveCfg = Release|x86
		{099DB720-6DFF-4D63-B8A1-8CFD619781CA}.Release|x86.Build.0 = Release|x86
		{370F024F-22D5-4A75-9CB3-8E2E0B53115D}.Debug|Any CPU.ActiveCfg = Debug|x86
		{370F024F-22D5-4A75-9CB3-8E2E0B53115D}.Debug|x64.ActiveCfg = Debug|x64
		{370F024F-22D5-4A75-9CB3-8E2E0B53115D}.Debug|x64.Build.0 = Debug|x64
		{370F024F-22D5-4A75-9CB3-8E2E0B53115D}.Debug|x86.ActiveCfg = Debug|x86
		{370F024F-22D5-4A75-9CB3-8E2E0B53115D}.Debug|x86.Build.0 = Debug|x86
		{370F024F-22D5-4A75-9CB3-8E2E0B53115D}.Release|Any CPU.ActiveCfg = Release|x86
		{370F024F-22D5-4A75-9CB3-8E2E0B53115D}.Release|x64.ActiveCfg = Release|x64
		{370F024F-22D5-4A75-9CB3-8E2E0B53115D}.Release|x64.Build.0 = Release|x64
		{370F024F-22D5-4A75-9CB3-8E2E0B53115D}.Release|x86.ActiveCfg = Release|x86
		{370F024F-22D5-4A75-9CB3-8E2E0B53115D}.Release|x86.Build.0 = Release|x86
		{7940D278-CCAA-4F5A-8D79-58F8363E3A83}.Debug|Any CPU.ActiveCfg = Debug|x86
		{7940D278-CCAA-4F5A-8D79-58F8363E3A83}.Debug|x64.ActiveCfg = Debug|x64
		{7940D278-CCAA-4F5A-8D79-58F8363E3A83}.Debug|x64.Build.0 = Debug|x64
		{7940D278-CCAA-4F5A-8D79-58F8363E3A83}.Debug|x86.ActiveCfg = Debug|x86
		{7940D278-CCAA-4F5A-8D79-58F8363E3A83}.Debug|x86.Build.0 = Debug|x86
		{7940D278-CCAA-4F5A-8D79-58F8363E3A83}.Release|Any CPU.ActiveCfg = Release|x86
		{7940D278-CCAA-4F5A-8D79-58F8363E3A83}.Release|x64.ActiveCfg = Release|x64
		{7940D278-CCAA-4F5A-8D79-58F8363E3A83}.Release|x64.Build.0 = Release|x64
		{7940D278-CCAA-4F5A-8D79-58F8363E3A83}.Release|x86.ActiveCfg = Release|x86
		{7940D278-CCAA-4F5A-8D79-58F8363E3A83}.Release|x86.Build.0 = Release|x86
		{18FCC4B4-A2E7-4ADA-B504-A6D531E53BA8}.Debug|Any CPU.ActiveCfg = Debug|x86
		{18FCC4B4-A2E7-4ADA-B504-A6D531E53BA8}.Debug|x64.ActiveCfg = Debug|x64
		{18FCC4B4-A2E7-4ADA-B504-A6D531E53BA8}.Debug|x64.Build.0 = Debug|x64
		{18FCC4B4-A2E7-4ADA-B504-A6D531E53BA8}.Debug|x86.ActiveCfg = Debug|x86
		{18FCC4B4-A2E7-4ADA-B504-A6D531E53BA8}.Debug|x86.Build.0 = Debug|x86
		{18FCC4B4-A2E7-4ADA-B504-A6D531E53BA8}.Release|Any CPU.ActiveCfg = Release|x86
		{18FCC4B4-A2E7-4ADA-B504-A6D531E53BA8}.Release|x64.ActiveCfg = Release|x64
		{18FCC4B4-A2E7-4ADA-B504-A6D531E53BA8}.Release|x64.Build.0 = Release|x64
		{18FCC4B4-A2E7-4ADA-B504-A6D531E53BA8}.Release|x86.ActiveCfg = Release|x86
		{18FCC4B4-A2E7-4ADA-B504-A6D531E53BA8}.Release|x86.Build.0 = Release|x86
		{7787AB29-86A4-42D5-9242-8607A2F5BE92}.Debug|Any CPU.ActiveCfg = Debug|x86
		{7787AB29-86A4-42D5-9242-8607A2F5BE92}.Debug|x64.ActiveCfg = Debug|x64
		{7787AB29-86A4-42D5-9242-8607A2F5BE92}.Debug|x64.Build.0 = Debug|x64
		{7787AB29-86A4-42D5-9242-8607A2F5BE92}.Debug|x86.ActiveCfg = Debug|x86
		{7787AB29-86A4-42D5-9242-8607A2F5BE92}.Debug|x86.Build.0 = Debug|x86
		{7787AB29-86A4-42D5-9242-8607A2F5BE92}.Release|Any CPU.ActiveCfg = Release|x86
		{7787AB29-86A4-42D5-9242-8607A2F5BE92}.Release|x64.ActiveCfg = Release|x64
		{7787AB29-86A4-42D5-9242-8607A2F5BE92}.Release|x64.Build.0 = Release|x64
		{7787AB29-86A4-42D5-9242-8607A2F5BE92}.Release|x86.ActiveCfg = Release|x86
		{7787AB29-86A4-42D5-9242-8607A2F5BE92}.Release|x86.Build.0 = Release|x86
		{D8BE4AAE-9E7B-4C9C-B918-745894960259}.Debug|Any CPU.ActiveCfg = Debug|x86
		{D8BE4AAE-9E7B-4C9C-B918-745894960259}.Debug|x64.ActiveCfg = Debug|x64
		{D8BE4AAE-9E7B-4C9C-B918-745894960259}.Debug|x64.Build.0 = Debug|x64
		{D8BE4AAE-9E7B-4C9C-B918-745894960259}.Debug|x86.ActiveCfg = Debug|x86
		{D8BE4AAE-9E7B-4C9C-B918-745894960259}.Debug|x86.Build.0 = Debug|x86
		{D8BE4AAE-9E7B-4C9C-B918-745894960259}.Release|Any CPU.ActiveCfg = Release|x86
		{D8BE4AAE-9E7B-4C9C-B918-745894960259}.Release|x64.ActiveCfg = Release|x64
		{D8BE4AAE-9E7B-4C9C-B918-745894960259}.Release|x64.Build.0 = Release|x64
		{D8BE4AAE-9E7B-4C9C-B918-745894960259}.Release|x86.ActiveCfg = Release|x86
		{D8BE4AAE-9E7B-4C9C-B918-745894960259}.Release|x86.Build.0 = Release|x86
		{3910B041-AB1D-4904-A9B9-A2B476A66C88}.Debug|Any CPU.ActiveCfg = Debug|x86
		{3910B041-AB1D-4904-A9B9-A2B476A66C88}.Debug|x64.ActiveCfg = Debug|x64
		{3910B041-AB1D-4904-A9B9-A2B476A66C88}.Debug|x64.Build.0 = Debug|x64
		{3910B041-AB1D-4904-A9B9-A2B476A66C88}.Debug|x86.ActiveCfg = Debug|x86
		{3910B041-AB1D-4904-A9B9-A2B476A66C88}.Debug|x86.Build.0 = Debug|x86
		{3910B041-AB1D-4904-A9B9-A2B476A66C88}.Release|Any CPU.ActiveCfg = Release|x86
		{3910B041-AB1D-4904-A9B9-A2B476A66C88}.Release|x64.ActiveCfg = Release|x64
		{3910B041-AB1D-4904-A9B9-A2B476A66C88}.Release|x64.Build.0 = Release|x64
		{3910B041-AB1D-4904-A9B9-A2B476A66C88}.Release|x86.ActiveCfg = Release|x86
		{7A130D41-737A-4F88-8F1D-66A47282B1A4}.Debug|Any CPU.ActiveCfg = Debug|Any CPU
		{7A130D41-737A-4F88-8F1D-66A47282B1A4}.Debug|Any CPU.Build.0 = Debug|Any CPU
		{7A130D41-737A-4F88-8F1D-66A47282B1A4}.Debug|x64.ActiveCfg = Debug|Any CPU
		{7A130D41-737A-4F88-8F1D-66A47282B1A4}.Debug|x64.Build.0 = Debug|Any CPU
		{7A130D41-737A-4F88-8F1D-66A47282B1A4}.Debug|x86.ActiveCfg = Debug|Any CPU
		{7A130D41-737A-4F88-8F1D-66A47282B1A4}.Debug|x86.Build.0 = Debug|Any CPU
		{7A130D41-737A-4F88-8F1D-66A47282B1A4}.Release|Any CPU.ActiveCfg = Release|Any CPU
		{7A130D41-737A-4F88-8F1D-66A47282B1A4}.Release|Any CPU.Build.0 = Release|Any CPU
		{7A130D41-737A-4F88-8F1D-66A47282B1A4}.Release|x64.ActiveCfg = Release|Any CPU
		{7A130D41-737A-4F88-8F1D-66A47282B1A4}.Release|x64.Build.0 = Release|Any CPU
		{7A130D41-737A-4F88-8F1D-66A47282B1A4}.Release|x86.ActiveCfg = Release|Any CPU
		{7A130D41-737A-4F88-8F1D-66A47282B1A4}.Release|x86.Build.0 = Release|Any CPU
		{A1251731-B751-4C86-9F09-7FA7BA6C9766}.Debug|Any CPU.ActiveCfg = Debug|Any CPU
		{A1251731-B751-4C86-9F09-7FA7BA6C9766}.Debug|Any CPU.Build.0 = Debug|Any CPU
		{A1251731-B751-4C86-9F09-7FA7BA6C9766}.Debug|x64.ActiveCfg = Debug|Any CPU
		{A1251731-B751-4C86-9F09-7FA7BA6C9766}.Debug|x64.Build.0 = Debug|Any CPU
		{A1251731-B751-4C86-9F09-7FA7BA6C9766}.Debug|x86.ActiveCfg = Debug|Any CPU
		{A1251731-B751-4C86-9F09-7FA7BA6C9766}.Debug|x86.Build.0 = Debug|Any CPU
		{A1251731-B751-4C86-9F09-7FA7BA6C9766}.Release|Any CPU.ActiveCfg = Release|Any CPU
		{A1251731-B751-4C86-9F09-7FA7BA6C9766}.Release|Any CPU.Build.0 = Release|Any CPU
		{A1251731-B751-4C86-9F09-7FA7BA6C9766}.Release|x64.ActiveCfg = Release|Any CPU
		{A1251731-B751-4C86-9F09-7FA7BA6C9766}.Release|x64.Build.0 = Release|Any CPU
		{A1251731-B751-4C86-9F09-7FA7BA6C9766}.Release|x86.ActiveCfg = Release|Any CPU
		{A1251731-B751-4C86-9F09-7FA7BA6C9766}.Release|x86.Build.0 = Release|Any CPU
		{C48302EB-4905-45FE-BCC9-9EB76156FC91}.Debug|Any CPU.ActiveCfg = Debug|Any CPU
		{C48302EB-4905-45FE-BCC9-9EB76156FC91}.Debug|Any CPU.Build.0 = Debug|Any CPU
		{C48302EB-4905-45FE-BCC9-9EB76156FC91}.Debug|x64.ActiveCfg = Debug|Any CPU
		{C48302EB-4905-45FE-BCC9-9EB76156FC91}.Debug|x64.Build.0 = Debug|Any CPU
		{C48302EB-4905-45FE-BCC9-9EB76156FC91}.Debug|x86.ActiveCfg = Debug|Any CPU
		{C48302EB-4905-45FE-BCC9-9EB76156FC91}.Debug|x86.Build.0 = Debug|Any CPU
		{C48302EB-4905-45FE-BCC9-9EB76156FC91}.Release|Any CPU.ActiveCfg = Release|Any CPU
		{C48302EB-4905-45FE-BCC9-9EB76156FC91}.Release|Any CPU.Build.0 = Release|Any CPU
		{C48302EB-4905-45FE-BCC9-9EB76156FC91}.Release|x64.ActiveCfg = Release|Any CPU
		{C48302EB-4905-45FE-BCC9-9EB76156FC91}.Release|x64.Build.0 = Release|Any CPU
		{C48302EB-4905-45FE-BCC9-9EB76156FC91}.Release|x86.ActiveCfg = Release|Any CPU
		{C48302EB-4905-45FE-BCC9-9EB76156FC91}.Release|x86.Build.0 = Release|Any CPU
		{E7BB5DC4-A97F-40E3-AB55-0D75FB1B2351}.Debug|Any CPU.ActiveCfg = Debug|Any CPU
		{E7BB5DC4-A97F-40E3-AB55-0D75FB1B2351}.Debug|Any CPU.Build.0 = Debug|Any CPU
		{E7BB5DC4-A97F-40E3-AB55-0D75FB1B2351}.Debug|x64.ActiveCfg = Debug|Any CPU
		{E7BB5DC4-A97F-40E3-AB55-0D75FB1B2351}.Debug|x64.Build.0 = Debug|Any CPU
		{E7BB5DC4-A97F-40E3-AB55-0D75FB1B2351}.Debug|x86.ActiveCfg = Debug|Any CPU
		{E7BB5DC4-A97F-40E3-AB55-0D75FB1B2351}.Debug|x86.Build.0 = Debug|Any CPU
		{E7BB5DC4-A97F-40E3-AB55-0D75FB1B2351}.Release|Any CPU.ActiveCfg = Release|Any CPU
		{E7BB5DC4-A97F-40E3-AB55-0D75FB1B2351}.Release|Any CPU.Build.0 = Release|Any CPU
		{E7BB5DC4-A97F-40E3-AB55-0D75FB1B2351}.Release|x64.ActiveCfg = Release|Any CPU
		{E7BB5DC4-A97F-40E3-AB55-0D75FB1B2351}.Release|x64.Build.0 = Release|Any CPU
		{E7BB5DC4-A97F-40E3-AB55-0D75FB1B2351}.Release|x86.ActiveCfg = Release|Any CPU
		{E7BB5DC4-A97F-40E3-AB55-0D75FB1B2351}.Release|x86.Build.0 = Release|Any CPU
		{70B2A19D-CFE5-4A95-B827-CC312DE28EE5}.Debug|Any CPU.ActiveCfg = Debug|Any CPU
		{70B2A19D-CFE5-4A95-B827-CC312DE28EE5}.Debug|Any CPU.Build.0 = Debug|Any CPU
		{70B2A19D-CFE5-4A95-B827-CC312DE28EE5}.Debug|x64.ActiveCfg = Debug|Any CPU
		{70B2A19D-CFE5-4A95-B827-CC312DE28EE5}.Debug|x64.Build.0 = Debug|Any CPU
		{70B2A19D-CFE5-4A95-B827-CC312DE28EE5}.Debug|x86.ActiveCfg = Debug|Any CPU
		{70B2A19D-CFE5-4A95-B827-CC312DE28EE5}.Debug|x86.Build.0 = Debug|Any CPU
		{70B2A19D-CFE5-4A95-B827-CC312DE28EE5}.Release|Any CPU.ActiveCfg = Release|Any CPU
		{70B2A19D-CFE5-4A95-B827-CC312DE28EE5}.Release|Any CPU.Build.0 = Release|Any CPU
		{70B2A19D-CFE5-4A95-B827-CC312DE28EE5}.Release|x64.ActiveCfg = Release|Any CPU
		{70B2A19D-CFE5-4A95-B827-CC312DE28EE5}.Release|x64.Build.0 = Release|Any CPU
		{70B2A19D-CFE5-4A95-B827-CC312DE28EE5}.Release|x86.ActiveCfg = Release|Any CPU
		{70B2A19D-CFE5-4A95-B827-CC312DE28EE5}.Release|x86.Build.0 = Release|Any CPU
	EndGlobalSection
	GlobalSection(SolutionProperties) = preSolution
		HideSolutionNode = FALSE
	EndGlobalSection
	GlobalSection(NestedProjects) = preSolution
		{68A5A934-8EBF-4A24-BBE3-5D7E84E57328} = {4DDA145A-B414-4BAF-AA44-446B6E9E5C88}
		{099DB720-6DFF-4D63-B8A1-8CFD619781CA} = {4DDA145A-B414-4BAF-AA44-446B6E9E5C88}
		{370F024F-22D5-4A75-9CB3-8E2E0B53115D} = {4DDA145A-B414-4BAF-AA44-446B6E9E5C88}
		{7940D278-CCAA-4F5A-8D79-58F8363E3A83} = {4DDA145A-B414-4BAF-AA44-446B6E9E5C88}
		{18FCC4B4-A2E7-4ADA-B504-A6D531E53BA8} = {4DDA145A-B414-4BAF-AA44-446B6E9E5C88}
		{7787AB29-86A4-42D5-9242-8607A2F5BE92} = {4DDA145A-B414-4BAF-AA44-446B6E9E5C88}
		{D8BE4AAE-9E7B-4C9C-B918-745894960259} = {4DDA145A-B414-4BAF-AA44-446B6E9E5C88}
		{3910B041-AB1D-4904-A9B9-A2B476A66C88} = {4DDA145A-B414-4BAF-AA44-446B6E9E5C88}
	EndGlobalSection
	GlobalSection(ExtensibilityGlobals) = postSolution
		SolutionGuid = {08A80F43-F08A-45D1-B855-A89B00E34AEE}
	EndGlobalSection
EndGlobal
